# THIS IS AN AUTOGENERATED FILE. DO NOT EDIT THIS FILE DIRECTLY.
# yarn lockfile v1


"@coderline/alphatab@^1":
  version "1.8.3"
  resolved "https://registry.npmjs.org/@coderline/alphatab/-/alphatab-1.8.3.tgz"
  integrity sha512-gauoZMBL3yzCNn4jz5qhKSmwnlwFpBG+W+HPowiBmPiD6kTH5Ntk3mCUItGqETN7Vl97REXJK6efGKOa13B4Ng==

"@esbuild/win32-x64@0.21.5":
  version "0.21.5"
  resolved "https://registry.npmjs.org/@esbuild/win32-x64/-/win32-x64-0.21.5.tgz"
  integrity sha512-tQd/1efJuzPC6rCFwEvLtci/xNFcTZknmXs98FYDfGE4wP9ClFV98nyKrzJKVPMhdDnjzLhdUyMX4PsQAPjwIw==

"@napi-rs/canvas-win32-x64-msvc@0.1.100":
  version "0.1.100"
  resolved "https://registry.npmjs.org/@napi-rs/canvas-win32-x64-msvc/-/canvas-win32-x64-msvc-0.1.100.tgz"
  integrity sha512-MyT1j3mHC2+Lu4pBi9mKyMJhtP6U7k7EldY7sj/uS5gJA65gTXt8MefJQXLJo5d/vZbuWmfxzkEUNc/urV3pHA==

"@napi-rs/canvas@^0.1.65":
  version "0.1.100"
  resolved "https://registry.npmjs.org/@napi-rs/canvas/-/canvas-0.1.100.tgz"
  integrity sha512-xglYA6q3XO5P3BNJYxVZ1IV7DLVjp1Py6nwag88YntrS+3vKHyYcMqXVS4ZztJmwz2uGvz1FWhI/4LgbR5uQDA==
  optionalDependencies:
    "@napi-rs/canvas-android-arm64" "0.1.100"
    "@napi-rs/canvas-darwin-arm64" "0.1.100"
    "@napi-rs/canvas-darwin-x64" "0.1.100"
    "@napi-rs/canvas-linux-arm-gnueabihf" "0.1.100"
    "@napi-rs/canvas-linux-arm64-gnu" "0.1.100"
    "@napi-rs/canvas-linux-arm64-musl" "0.1.100"
    "@napi-rs/canvas-linux-riscv64-gnu" "0.1.100"
    "@napi-rs/canvas-linux-x64-gnu" "0.1.100"
    "@napi-rs/canvas-linux-x64-musl" "0.1.100"
    "@napi-rs/canvas-win32-arm64-msvc" "0.1.100"
    "@napi-rs/canvas-win32-x64-msvc" "0.1.100"

"@rollup/rollup-win32-x64-gnu@4.61.1":
  version "4.61.1"
  resolved "https://registry.npmjs.org/@rollup/rollup-win32-x64-gnu/-/rollup-win32-x64-gnu-4.61.1.tgz"
  integrity sha512-gK1iCEPfpoSG9wfBihXxvBMi8ZfcWffYkEsC/Eih+iFENTaewvNcrEQ69lIOWYO5pePHKLHHO7nq5AILGO/HQQ==

"@rollup/rollup-win32-x64-msvc@4.61.1":
  version "4.61.1"
  resolved "https://registry.npmjs.org/@rollup/rollup-win32-x64-msvc/-/rollup-win32-x64-msvc-4.61.1.tgz"
  integrity sha512-X+zaP2x+j4RXGfbp/seSoRHWnPxzApilDszisZxbYH5C/jTxFhCtDNdPGZb9lJyYPs24wGxruPF7Y+sIXt9Gzw==

"@tauri-apps/api@^2":
  version "2.11.0"
  resolved "https://registry.npmjs.org/@tauri-apps/api/-/api-2.11.0.tgz"
  integrity sha512-7CinYODhky9lmO23xHnUFv0Xt43fbtWMyxZcLcRBlFkcgXKuEirBvHpmtJ89YMhyeGcq20Wuc47Fa4XjyniywA==

"@tauri-apps/cli-win32-x64-msvc@2.11.2":
  version "2.11.2"
  resolved "https://registry.npmjs.org/@tauri-apps/cli-win32-x64-msvc/-/cli-win32-x64-msvc-2.11.2.tgz"
  integrity sha512-d2JchlFIpZevZVReyqhQOekJmb1UH3rhZ5VX6sH3ty9ETE0TKQavpihvoScUXfKKpW6HZC0MrFGRU0ZtD+w3gA==

"@tauri-apps/cli@^2":
  version "2.11.2"
  resolved "https://registry.npmjs.org/@tauri-apps/cli/-/cli-2.11.2.tgz"
  integrity sha512-bk3HemqvGRoy+5D/dVMUQHKMYLglD0jVnMm/0iGMH6ufZ+p8r14m6BpIixwij3PBvZdvORUp1YifTD8QxVZ1Nw==
  optionalDependencies:
    "@tauri-apps/cli-darwin-arm64" "2.11.2"
    "@tauri-apps/cli-darwin-x64" "2.11.2"
    "@tauri-apps/cli-linux-arm-gnueabihf" "2.11.2"
    "@tauri-apps/cli-linux-arm64-gnu" "2.11.2"
    "@tauri-apps/cli-linux-arm64-musl" "2.11.2"
    "@tauri-apps/cli-linux-riscv64-gnu" "2.11.2"
    "@tauri-apps/cli-linux-x64-gnu" "2.11.2"
    "@tauri-apps/cli-linux-x64-musl" "2.11.2"
    "@tauri-apps/cli-win32-arm64-msvc" "2.11.2"
    "@tauri-apps/cli-win32-ia32-msvc" "2.11.2"
    "@tauri-apps/cli-win32-x64-msvc" "2.11.2"

"@types/estree@1.0.9":
  version "1.0.9"
  resolved "https://registry.npmjs.org/@types/estree/-/estree-1.0.9.tgz"
  integrity sha512-GhdPgy1el4/ImP05X05Uw4cw2/M93BCUmnEvWZNStlCzEKME4Fkk+YpoA5OiHNQmoS7Cafb8Xa3Pya8m1Qrzeg==

esbuild@^0.21.3:
  version "0.21.5"
  resolved "https://registry.npmjs.org/esbuild/-/esbuild-0.21.5.tgz"
  integrity sha512-mg3OPMV4hXywwpoDxu3Qda5xCKQi+vCTZq8S9J/EpkhB2HzKXq4SNFZE3+NK93JYxc8VMSep+lOUSC/RVKaBqw==
  optionalDependencies:
    "@esbuild/aix-ppc64" "0.21.5"
    "@esbuild/android-arm" "0.21.5"
    "@esbuild/android-arm64" "0.21.5"
    "@esbuild/android-x64" "0.21.5"
    "@esbuild/darwin-arm64" "0.21.5"
    "@esbuild/darwin-x64" "0.21.5"
    "@esbuild/freebsd-arm64" "0.21.5"
    "@esbuild/freebsd-x64" "0.21.5"
    "@esbuild/linux-arm" "0.21.5"
    "@esbuild/linux-arm64" "0.21.5"
    "@esbuild/linux-ia32" "0.21.5"
    "@esbuild/linux-loong64" "0.21.5"
    "@esbuild/linux-mips64el" "0.21.5"
    "@esbuild/linux-ppc64" "0.21.5"
    "@esbuild/linux-riscv64" "0.21.5"
    "@esbuild/linux-s390x" "0.21.5"
    "@esbuild/linux-x64" "0.21.5"
    "@esbuild/netbsd-x64" "0.21.5"
    "@esbuild/openbsd-x64" "0.21.5"
    "@esbuild/sunos-x64" "0.21.5"
    "@esbuild/win32-arm64" "0.21.5"
    "@esbuild/win32-ia32" "0.21.5"
    "@esbuild/win32-x64" "0.21.5"

nanoid@^3.3.12:
  version "3.3.12"
  resolved "https://registry.npmjs.org/nanoid/-/nanoid-3.3.12.tgz"
  integrity sha512-ZB9RH/39qpq5Vu6Y+NmUaFhQR6pp+M2Xt76XBnEwDaGcVAqhlvxrl3B2bKS5D3NH3QR76v3aSrKaF/Kiy7lEtQ==

pdfjs-dist@^4:
  version "4.10.38"
  resolved "https://registry.npmjs.org/pdfjs-dist/-/pdfjs-dist-4.10.38.tgz"
  integrity sha512-/Y3fcFrXEAsMjJXeL9J8+ZG9U01LbuWaYypvDW2ycW1jL269L3js3DVBjDJ0Up9Np1uqDXsDrRihHANhZOlwdQ==
  optionalDependencies:
    "@napi-rs/canvas" "^0.1.65"

picocolors@^1.1.1:
  version "1.1.1"
  resolved "https://registry.npmjs.org/picocolors/-/picocolors-1.1.1.tgz"
  integrity sha512-xceH2snhtb5M9liqDsmEw56le376mTZkEX/jEb/RxNFyegNul7eNslCXP9FDj/Lcu0X8KEyMceP2ntpaHrDEVA==

postcss@^8.4.43:
  version "8.5.15"
  resolved "https://registry.npmjs.org/postcss/-/postcss-8.5.15.tgz"
  integrity sha512-FfR8sjd4em2T6fb3I2MwAJU7HWVMr9zba+enmQeeWFfCbm+UOC/0X4DS8XtpUTMwWMGbjKYP7xjfNekzyGmB3A==
  dependencies:
    nanoid "^3.3.12"
    picocolors "^1.1.1"
    source-map-js "^1.2.1"

rollup@^4.20.0:
  version "4.61.1"
  resolved "https://registry.npmjs.org/rollup/-/rollup-4.61.1.tgz"
  integrity sha512-I4KW6iuRpuu2uHBLraZ1wNZe0DP7lnRha+VJ9tNaYVaVgKhW0aI3h4RYnoRPeql0flHm/Co55b7snEDcOfOJrA==
  dependencies:
    "@types/estree" "1.0.9"
  optionalDependencies:
    "@rollup/rollup-android-arm-eabi" "4.61.1"
    "@rollup/rollup-android-arm64" "4.61.1"
    "@rollup/rollup-darwin-arm64" "4.61.1"
    "@rollup/rollup-darwin-x64" "4.61.1"
    "@rollup/rollup-freebsd-arm64" "4.61.1"
    "@rollup/rollup-freebsd-x64" "4.61.1"
    "@rollup/rollup-linux-arm-gnueabihf" "4.61.1"
    "@rollup/rollup-linux-arm-musleabihf" "4.61.1"
    "@rollup/rollup-linux-arm64-gnu" "4.61.1"
    "@rollup/rollup-linux-arm64-musl" "4.61.1"
    "@rollup/rollup-linux-loong64-gnu" "4.61.1"
    "@rollup/rollup-linux-loong64-musl" "4.61.1"
    "@rollup/rollup-linux-ppc64-gnu" "4.61.1"
    "@rollup/rollup-linux-ppc64-musl" "4.61.1"
    "@rollup/rollup-linux-riscv64-gnu" "4.61.1"
    "@rollup/rollup-linux-riscv64-musl" "4.61.1"
    "@rollup/rollup-linux-s390x-gnu" "4.61.1"
    "@rollup/rollup-linux-x64-gnu" "4.61.1"
    "@rollup/rollup-linux-x64-musl" "4.61.1"
    "@rollup/rollup-openbsd-x64" "4.61.1"
    "@rollup/rollup-openharmony-arm64" "4.61.1"
    "@rollup/rollup-win32-arm64-msvc" "4.61.1"
    "@rollup/rollup-win32-ia32-msvc" "4.61.1"
    "@rollup/rollup-win32-x64-gnu" "4.61.1"
    "@rollup/rollup-win32-x64-msvc" "4.61.1"
    fsevents "~2.3.2"

source-map-js@^1.2.1:
  version "1.2.1"
  resolved "https://registry.npmjs.org/source-map-js/-/source-map-js-1.2.1.tgz"
  integrity sha512-UXWMKhLOwVKb728IUtQPXxfYU+usdybtUrK/8uGE8CQMvrhOpwvzDBwj0QhSL7MQc7vIsISBG8VQ8+IDQxpfQA==

typescript@^5:
  version "5.9.3"
  resolved "https://registry.npmjs.org/typescript/-/typescript-5.9.3.tgz"
  integrity sha512-jl1vZzPDinLr9eUt3J/t7V6FgNEw9QjvBPdysz9KfQDD41fQrC2Y4vKQdiaUpFT4bXlb1RHhLpp8wtm6M5TgSw==

vite@^5:
  version "5.4.21"
  resolved "https://registry.npmjs.org/vite/-/vite-5.4.21.tgz"
  integrity sha512-o5a9xKjbtuhY6Bi5S3+HvbRERmouabWbyUcpXXUA1u+GNUKoROi9byOJ8M0nHbHYHkYICiMlqxkg1KkYmm25Sw==
  dependencies:
    esbuild "^0.21.3"
    postcss "^8.4.43"
    rollup "^4.20.0"
  optionalDependencies:
    fsevents "~2.3.3"
